
Microsoft Visual Studio Solution File, Format Version 12.00
# Visual Studio Version 17
VisualStudioVersion = 17.7.34202.233
MinimumVisualStudioVersion = 10.0.40219.1
Project("{FAE04EC0-301F-11D3-BF4B-00C04F79EFBC}") = "login signup", "login signup\login signup.csproj", "{70E83CC7-B9FA-4455-8E60-ED73EDAC8C73}"
EndProject
Global
	GlobalSection(SolutionConfigurationPlatforms) = preSolution
		Debug|Any CPU = Debug|Any CPU
		Release|Any CPU = Release|Any CPU
	EndGlobalSection
	GlobalSection(ProjectConfigurationPlatforms) = postSolution
		{70E83CC7-B9FA-4455-8E60-ED73EDAC8C73}.Debug|Any CPU.ActiveCfg = Debug|Any CPU
		{70E83CC7-B9FA-4455-8E60-ED73EDAC8C73}.Debug|Any CPU.Build.0 = Debug|Any CPU
		{70E83CC7-B9FA-4455-8E60-ED73EDAC8C73}.Release|Any CPU.ActiveCfg = Release|Any CPU
		{70E83CC7-B9FA-4455-8E60-ED73EDAC8C73}.Release|Any CPU.Build.0 = Release|Any CPU
	EndGlobalSection
	GlobalSection(SolutionProperties) = preSolution
		HideSolutionNode = FALSE
	EndGlobalSection
	GlobalSection(ExtensibilityGlobals) = postSolution
		SolutionGuid = {C6ABBD38-261D-4BA7-AC07-B445523959BE}
	EndGlobalSection
EndGlobal
