
Microsoft Visual Studio Solution File, Format Version 12.00
# Visual Studio Version 17
VisualStudioVersion = 17.7.34202.233
MinimumVisualStudioVersion = 10.0.40219.1
Project("{FAE04EC0-301F-11D3-BF4B-00C04F79EFBC}") = "SideBar Layout", "SideBar Layout\SideBar Layout.csproj", "{4E7B2472-1D14-48BE-AE32-8533F9F94ECB}"
EndProject
Global
	GlobalSection(SolutionConfigurationPlatforms) = preSolution
		Debug|Any CPU = Debug|Any CPU
		Release|Any CPU = Release|Any CPU
	EndGlobalSection
	GlobalSection(ProjectConfigurationPlatforms) = postSolution
		{4E7B2472-1D14-48BE-AE32-8533F9F94ECB}.Debug|Any CPU.ActiveCfg = Debug|Any CPU
		{4E7B2472-1D14-48BE-AE32-8533F9F94ECB}.Debug|Any CPU.Build.0 = Debug|Any CPU
		{4E7B2472-1D14-48BE-AE32-8533F9F94ECB}.Release|Any CPU.ActiveCfg = Release|Any CPU
		{4E7B2472-1D14-48BE-AE32-8533F9F94ECB}.Release|Any CPU.Build.0 = Release|Any CPU
	EndGlobalSection
	GlobalSection(SolutionProperties) = preSolution
		HideSolutionNode = FALSE
	EndGlobalSection
	GlobalSection(ExtensibilityGlobals) = postSolution
		SolutionGuid = {69FBB6CD-8A7C-4461-ACE9-BA15E09DF9CF}
	EndGlobalSection
EndGlobal
